// !$*UTF8*$!
{
	archiveVersion = 1;
	classes = {
	};
	objectVersion = 46;
	objects = {

/* Begin PBXBuildFile section */
		5A631A411689A1EB00770B5A /* AppDelegate.m in Sources */ = {isa = PBXBuildFile; fileRef = 5A631A011689A1EA00770B5A /* AppDelegate.m */; };
		5A631A421689A1EB00770B5A /* InfoPlist.strings in Resources */ = {isa = PBXBuildFile; fileRef = 5A631A031689A1EA00770B5A /* InfoPlist.strings */; };
		5A631A431689A1EB00770B5A /* Localizable.strings in Resources */ = {isa = PBXBuildFile; fileRef = 5A631A051689A1EA00770B5A /* Localizable.strings */; };
		5A631A441689A1EB00770B5A /* Default-568h@2x.png in Resources */ = {isa = PBXBuildFile; fileRef = 5A631A081689A1EA00770B5A /* Default-568h@2x.png */; };
		5A631A451689A1EB00770B5A /* Default.png in Resources */ = {isa = PBXBuildFile; fileRef = 5A631A091689A1EA00770B5A /* Default.png */; };
		5A631A461689A1EB00770B5A /* Default@2x.png in Resources */ = {isa = PBXBuildFile; fileRef = 5A631A0A1689A1EA00770B5A /* Default@2x.png */; };
		5A631A471689A1EB00770B5A /* icon.png in Resources */ = {isa = PBXBuildFile; fileRef = 5A631A0B1689A1EA00770B5A /* icon.png */; };
		5A631A491689A1EB00770B5A /* libPushSDK.a in Frameworks */ = {isa = PBXBuildFile; fileRef = 5A631A161689A1EA00770B5A /* libPushSDK.a */; settings = {ATTRIBUTES = (Required, ); }; };
		5A631A4A1689A1EB00770B5A /* main.m in Sources */ = {isa = PBXBuildFile; fileRef = 5A631A181689A1EA00770B5A /* main.m */; };
		5A631A4B1689A1EB00770B5A /* PushConfig.plist in Resources */ = {isa = PBXBuildFile; fileRef = 5A631A191689A1EA00770B5A /* PushConfig.plist */; };
		5A631A4C1689A1EB00770B5A /* PushTalk-Info.plist in Resources */ = {isa = PBXBuildFile; fileRef = 5A631A1A1689A1EA00770B5A /* PushTalk-Info.plist */; };
		5A631A4D1689A1EB00770B5A /* NSObject+SBJson.m in Sources */ = {isa = PBXBuildFile; fileRef = 5A631A1F1689A1EA00770B5A /* NSObject+SBJson.m */; };
		5A631A4E1689A1EB00770B5A /* SBJsonParser.m in Sources */ = {isa = PBXBuildFile; fileRef = 5A631A221689A1EA00770B5A /* SBJsonParser.m */; };
		5A631A4F1689A1EB00770B5A /* SBJsonStreamParser.m in Sources */ = {isa = PBXBuildFile; fileRef = 5A631A241689A1EA00770B5A /* SBJsonStreamParser.m */; };
		5A631A501689A1EB00770B5A /* SBJsonStreamParserAccumulator.m in Sources */ = {isa = PBXBuildFile; fileRef = 5A631A261689A1EA00770B5A /* SBJsonStreamParserAccumulator.m */; };
		5A631A511689A1EB00770B5A /* SBJsonStreamParserAdapter.m in Sources */ = {isa = PBXBuildFile; fileRef = 5A631A281689A1EA00770B5A /* SBJsonStreamParserAdapter.m */; };
		5A631A521689A1EB00770B5A /* SBJsonStreamParserState.m in Sources */ = {isa = PBXBuildFile; fileRef = 5A631A2A1689A1EA00770B5A /* SBJsonStreamParserState.m */; };
		5A631A531689A1EB00770B5A /* SBJsonStreamWriter.m in Sources */ = {isa = PBXBuildFile; fileRef = 5A631A2C1689A1EA00770B5A /* SBJsonStreamWriter.m */; };
		5A631A541689A1EB00770B5A /* SBJsonStreamWriterAccumulator.m in Sources */ = {isa = PBXBuildFile; fileRef = 5A631A2E1689A1EA00770B5A /* SBJsonStreamWriterAccumulator.m */; };
		5A631A551689A1EB00770B5A /* SBJsonStreamWriterState.m in Sources */ = {isa = PBXBuildFile; fileRef = 5A631A301689A1EB00770B5A /* SBJsonStreamWriterState.m */; };
		5A631A561689A1EB00770B5A /* SBJsonTokeniser.m in Sources */ = {isa = PBXBuildFile; fileRef = 5A631A321689A1EB00770B5A /* SBJsonTokeniser.m */; };
		5A631A571689A1EB00770B5A /* SBJsonUTF8Stream.m in Sources */ = {isa = PBXBuildFile; fileRef = 5A631A341689A1EB00770B5A /* SBJsonUTF8Stream.m */; };
		5A631A581689A1EB00770B5A /* SBJsonWriter.m in Sources */ = {isa = PBXBuildFile; fileRef = 5A631A361689A1EB00770B5A /* SBJsonWriter.m */; };
		5A631A591689A1EB00770B5A /* JPushViewController.m in Sources */ = {isa = PBXBuildFile; fileRef = 5A631A391689A1EB00770B5A /* JPushViewController.m */; };
		5A631A5B1689A1EB00770B5A /* InfoPlist.strings in Resources */ = {isa = PBXBuildFile; fileRef = 5A631A3D1689A1EB00770B5A /* InfoPlist.strings */; };
		5A631A5C1689A1EB00770B5A /* Localizable.strings in Resources */ = {isa = PBXBuildFile; fileRef = 5A631A3F1689A1EB00770B5A /* Localizable.strings */; };
		5A8EBAE3168989D800797022 /* UIKit.framework in Frameworks */ = {isa = PBXBuildFile; fileRef = 5A8EBAE2168989D800797022 /* UIKit.framework */; };
		5A8EBAE5168989D800797022 /* Foundation.framework in Frameworks */ = {isa = PBXBuildFile; fileRef = 5A8EBAE4168989D800797022 /* Foundation.framework */; };
		5A8EBAE7168989D800797022 /* CoreGraphics.framework in Frameworks */ = {isa = PBXBuildFile; fileRef = 5A8EBAE6168989D800797022 /* CoreGraphics.framework */; };
		5A8EBB6216898B2400797022 /* SystemConfiguration.framework in Frameworks */ = {isa = PBXBuildFile; fileRef = 5A8EBB6116898B2400797022 /* SystemConfiguration.framework */; };
		5A8EBB6516898B2D00797022 /* CFNetwork.framework in Frameworks */ = {isa = PBXBuildFile; fileRef = 5A8EBB6416898B2D00797022 /* CFNetwork.framework */; };
		5A8EBB6716898B3A00797022 /* TelephonyUI.framework in Frameworks */ = {isa = PBXBuildFile; fileRef = 5A8EBB6616898B3A00797022 /* TelephonyUI.framework */; };
		5A8EBB6916898B4F00797022 /* CoreTelephony.framework in Frameworks */ = {isa = PBXBuildFile; fileRef = 5A8EBB6816898B4F00797022 /* CoreTelephony.framework */; };
		5AAE28D216E5DDF3002A3127 /* InfoDetailViewController.m in Sources */ = {isa = PBXBuildFile; fileRef = 5AAE28D116E5DDF3002A3127 /* InfoDetailViewController.m */; };
		A3D2F4F0196BDA22002E9B87 /* CoreFoundation.framework in Frameworks */ = {isa = PBXBuildFile; fileRef = A3D2F4EF196BDA22002E9B87 /* CoreFoundation.framework */; };
		A3D2F4F2196BDA67002E9B87 /* Security.framework in Frameworks */ = {isa = PBXBuildFile; fileRef = A3D2F4F1196BDA67002E9B87 /* Security.framework */; };
		A3D2F4F4196BDA6F002E9B87 /* libz.dylib in Frameworks */ = {isa = PBXBuildFile; fileRef = A3D2F4F3196BDA6F002E9B87 /* libz.dylib */; };
/* End PBXBuildFile section */

/* Begin PBXFileReference section */
		5A631A001689A1EA00770B5A /* AppDelegate.h */ = {isa = PBXFileReference; fileEncoding = 4; lastKnownFileType = sourcecode.c.h; path = AppDelegate.h; sourceTree = "<group>"; };
		5A631A011689A1EA00770B5A /* AppDelegate.m */ = {isa = PBXFileReference; fileEncoding = 4; lastKnownFileType = sourcecode.c.objc; path = AppDelegate.m; sourceTree = "<group>"; };
		5A631A041689A1EA00770B5A /* en */ = {isa = PBXFileReference; lastKnownFileType = text.plist.strings; name = en; path = InfoPlist.strings; sourceTree = "<group>"; };
		5A631A061689A1EA00770B5A /* en */ = {isa = PBXFileReference; lastKnownFileType = text.plist.strings; name = en; path = Localizable.strings; sourceTree = "<group>"; };
		5A631A081689A1EA00770B5A /* Default-568h@2x.png */ = {isa = PBXFileReference; lastKnownFileType = image.png; path = "Default-568h@2x.png"; sourceTree = "<group>"; };
		5A631A091689A1EA00770B5A /* Default.png */ = {isa = PBXFileReference; lastKnownFileType = image.png; path = Default.png; sourceTree = "<group>"; };
		5A631A0A1689A1EA00770B5A /* Default@2x.png */ = {isa = PBXFileReference; lastKnownFileType = image.png; path = "Default@2x.png"; sourceTree = "<group>"; };
		5A631A0B1689A1EA00770B5A /* icon.png */ = {isa = PBXFileReference; lastKnownFileType = image.png; path = icon.png; sourceTree = "<group>"; };
		5A631A0D1689A1EA00770B5A /* APClient.h */ = {isa = PBXFileReference; fileEncoding = 4; lastKnownFileType = sourcecode.c.h; path = APClient.h; sourceTree = "<group>"; };
		5A631A0E1689A1EA00770B5A /* APConfig.h */ = {isa = PBXFileReference; fileEncoding = 4; lastKnownFileType = sourcecode.c.h; path = APConfig.h; sourceTree = "<group>"; };
		5A631A0F1689A1EA00770B5A /* APDispatch.h */ = {isa = PBXFileReference; fileEncoding = 4; lastKnownFileType = sourcecode.c.h; path = APDispatch.h; sourceTree = "<group>"; };
		5A631A101689A1EA00770B5A /* APMessage.h */ = {isa = PBXFileReference; fileEncoding = 4; lastKnownFileType = sourcecode.c.h; path = APMessage.h; sourceTree = "<group>"; };
		5A631A111689A1EA00770B5A /* APProtocol.h */ = {isa = PBXFileReference; fileEncoding = 4; lastKnownFileType = sourcecode.c.h; path = APProtocol.h; sourceTree = "<group>"; };
		5A631A121689A1EA00770B5A /* APReceipt.h */ = {isa = PBXFileReference; fileEncoding = 4; lastKnownFileType = sourcecode.c.h; path = APReceipt.h; sourceTree = "<group>"; };
		5A631A131689A1EA00770B5A /* APService.h */ = {isa = PBXFileReference; fileEncoding = 4; lastKnownFileType = sourcecode.c.h; path = APService.h; sourceTree = "<group>"; };
		5A631A141689A1EA00770B5A /* APUtilities.h */ = {isa = PBXFileReference; fileEncoding = 4; lastKnownFileType = sourcecode.c.h; path = APUtilities.h; sourceTree = "<group>"; };
		5A631A151689A1EA00770B5A /* libPushSDK-Simulator.a */ = {isa = PBXFileReference; lastKnownFileType = archive.ar; path = "libPushSDK-Simulator.a"; sourceTree = "<group>"; };
		5A631A161689A1EA00770B5A /* libPushSDK.a */ = {isa = PBXFileReference; lastKnownFileType = archive.ar; path = libPushSDK.a; sourceTree = "<group>"; };
		5A631A171689A1EA00770B5A /* NSString+Digest.h */ = {isa = PBXFileReference; fileEncoding = 4; lastKnownFileType = sourcecode.c.h; path = "NSString+Digest.h"; sourceTree = "<group>"; };
		5A631A181689A1EA00770B5A /* main.m */ = {isa = PBXFileReference; fileEncoding = 4; lastKnownFileType = sourcecode.c.objc; path = main.m; sourceTree = "<group>"; };
		5A631A191689A1EA00770B5A /* PushConfig.plist */ = {isa = PBXFileReference; fileEncoding = 4; lastKnownFileType = text.plist.xml; path = PushConfig.plist; sourceTree = "<group>"; };
		5A631A1A1689A1EA00770B5A /* PushTalk-Info.plist */ = {isa = PBXFileReference; fileEncoding = 4; lastKnownFileType = text.plist.xml; path = "PushTalk-Info.plist"; sourceTree = "<group>"; };
		5A631A1B1689A1EA00770B5A /* PushTalk-Prefix.pch */ = {isa = PBXFileReference; fileEncoding = 4; lastKnownFileType = sourcecode.c.h; path = "PushTalk-Prefix.pch"; sourceTree = "<group>"; };
		5A631A1D1689A1EA00770B5A /* JSON.h */ = {isa = PBXFileReference; fileEncoding = 4; lastKnownFileType = sourcecode.c.h; path = JSON.h; sourceTree = "<group>"; };
		5A631A1E1689A1EA00770B5A /* NSObject+SBJson.h */ = {isa = PBXFileReference; fileEncoding = 4; lastKnownFileType = sourcecode.c.h; path = "NSObject+SBJson.h"; sourceTree = "<group>"; };
		5A631A1F1689A1EA00770B5A /* NSObject+SBJson.m */ = {isa = PBXFileReference; fileEncoding = 4; lastKnownFileType = sourcecode.c.objc; path = "NSObject+SBJson.m"; sourceTree = "<group>"; };
		5A631A201689A1EA00770B5A /* SBJson.h */ = {isa = PBXFileReference; fileEncoding = 4; lastKnownFileType = sourcecode.c.h; path = SBJson.h; sourceTree = "<group>"; };
		5A631A211689A1EA00770B5A /* SBJsonParser.h */ = {isa = PBXFileReference; fileEncoding = 4; lastKnownFileType = sourcecode.c.h; path = SBJsonParser.h; sourceTree = "<group>"; };
		5A631A221689A1EA00770B5A /* SBJsonParser.m */ = {isa = PBXFileReference; fileEncoding = 4; lastKnownFileType = sourcecode.c.objc; path = SBJsonParser.m; sourceTree = "<group>"; };
		5A631A231689A1EA00770B5A /* SBJsonStreamParser.h */ = {isa = PBXFileReference; fileEncoding = 4; lastKnownFileType = sourcecode.c.h; path = SBJsonStreamParser.h; sourceTree = "<group>"; };
		5A631A241689A1EA00770B5A /* SBJsonStreamParser.m */ = {isa = PBXFileReference; fileEncoding = 4; lastKnownFileType = sourcecode.c.objc; path = SBJsonStreamParser.m; sourceTree = "<group>"; };
		5A631A251689A1EA00770B5A /* SBJsonStreamParserAccumulator.h */ = {isa = PBXFileReference; fileEncoding = 4; lastKnownFileType = sourcecode.c.h; path = SBJsonStreamParserAccumulator.h; sourceTree = "<group>"; };
		5A631A261689A1EA00770B5A /* SBJsonStreamParserAccumulator.m */ = {isa = PBXFileReference; fileEncoding = 4; lastKnownFileType = sourcecode.c.objc; path = SBJsonStreamParserAccumulator.m; sourceTree = "<group>"; };
		5A631A271689A1EA00770B5A /* SBJsonStreamParserAdapter.h */ = {isa = PBXFileReference; fileEncoding = 4; lastKnownFileType = sourcecode.c.h; path = SBJsonStreamParserAdapter.h; sourceTree = "<group>"; };
		5A631A281689A1EA00770B5A /* SBJsonStreamParserAdapter.m */ = {isa = PBXFileReference; fileEncoding = 4; lastKnownFileType = sourcecode.c.objc; path = SBJsonStreamParserAdapter.m; sourceTree = "<group>"; };
		5A631A291689A1EA00770B5A /* SBJsonStreamParserState.h */ = {isa = PBXFileReference; fileEncoding = 4; lastKnownFileType = sourcecode.c.h; path = SBJsonStreamParserState.h; sourceTree = "<group>"; };
		5A631A2A1689A1EA00770B5A /* SBJsonStreamParserState.m */ = {isa = PBXFileReference; fileEncoding = 4; lastKnownFileType = sourcecode.c.objc; path = SBJsonStreamParserState.m; sourceTree = "<group>"; };
		5A631A2B1689A1EA00770B5A /* SBJsonStreamWriter.h */ = {isa = PBXFileReference; fileEncoding = 4; lastKnownFileType = sourcecode.c.h; path = SBJsonStreamWriter.h; sourceTree = "<group>"; };
		5A631A2C1689A1EA00770B5A /* SBJsonStreamWriter.m */ = {isa = PBXFileReference; fileEncoding = 4; lastKnownFileType = sourcecode.c.objc; path = SBJsonStreamWriter.m; sourceTree = "<group>"; };
		5A631A2D1689A1EA00770B5A /* SBJsonStreamWriterAccumulator.h */ = {isa = PBXFileReference; fileEncoding = 4; lastKnownFileType = sourcecode.c.h; path = SBJsonStreamWriterAccumulator.h; sourceTree = "<group>"; };
		5A631A2E1689A1EA00770B5A /* SBJsonStreamWriterAccumulator.m */ = {isa = PBXFileReference; fileEncoding = 4; lastKnownFileType = sourcecode.c.objc; path = SBJsonStreamWriterAccumulator.m; sourceTree = "<group>"; };
		5A631A2F1689A1EB00770B5A /* SBJsonStreamWriterState.h */ = {isa = PBXFileReference; fileEncoding = 4; lastKnownFileType = sourcecode.c.h; path = SBJsonStreamWriterState.h; sourceTree = "<group>"; };
		5A631A301689A1EB00770B5A /* SBJsonStreamWriterState.m */ = {isa = PBXFileReference; fileEncoding = 4; lastKnownFileType = sourcecode.c.objc; path = SBJsonStreamWriterState.m; sourceTree = "<group>"; };
		5A631A311689A1EB00770B5A /* SBJsonTokeniser.h */ = {isa = PBXFileReference; fileEncoding = 4; lastKnownFileType = sourcecode.c.h; path = SBJsonTokeniser.h; sourceTree = "<group>"; };
		5A631A321689A1EB00770B5A /* SBJsonTokeniser.m */ = {isa = PBXFileReference; fileEncoding = 4; lastKnownFileType = sourcecode.c.objc; path = SBJsonTokeniser.m; sourceTree = "<group>"; };
		5A631A331689A1EB00770B5A /* SBJsonUTF8Stream.h */ = {isa = PBXFileReference; fileEncoding = 4; lastKnownFileType = sourcecode.c.h; path = SBJsonUTF8Stream.h; sourceTree = "<group>"; };
		5A631A341689A1EB00770B5A /* SBJsonUTF8Stream.m */ = {isa = PBXFileReference; fileEncoding = 4; lastKnownFileType = sourcecode.c.objc; path = SBJsonUTF8Stream.m; sourceTree = "<group>"; };
		5A631A351689A1EB00770B5A /* SBJsonWriter.h */ = {isa = PBXFileReference; fileEncoding = 4; lastKnownFileType = sourcecode.c.h; path = SBJsonWriter.h; sourceTree = "<group>"; };
		5A631A361689A1EB00770B5A /* SBJsonWriter.m */ = {isa = PBXFileReference; fileEncoding = 4; lastKnownFileType = sourcecode.c.objc; path = SBJsonWriter.m; sourceTree = "<group>"; };
		5A631A381689A1EB00770B5A /* JPushViewController.h */ = {isa = PBXFileReference; fileEncoding = 4; lastKnownFileType = sourcecode.c.h; path = JPushViewController.h; sourceTree = "<group>"; };
		5A631A391689A1EB00770B5A /* JPushViewController.m */ = {isa = PBXFileReference; fileEncoding = 4; lastKnownFileType = sourcecode.c.objc; path = JPushViewController.m; sourceTree = "<group>"; };
		5A631A3E1689A1EB00770B5A /* zh-Hans */ = {isa = PBXFileReference; lastKnownFileType = text.plist.strings; name = "zh-Hans"; path = InfoPlist.strings; sourceTree = "<group>"; };
		5A631A401689A1EB00770B5A /* zh-Hans */ = {isa = PBXFileReference; lastKnownFileType = text.plist.strings; name = "zh-Hans"; path = Localizable.strings; sourceTree = "<group>"; };
		5A8EBADE168989D800797022 /* PushTalk.app */ = {isa = PBXFileReference; explicitFileType = wrapper.application; includeInIndex = 0; path = PushTalk.app; sourceTree = BUILT_PRODUCTS_DIR; };
		5A8EBAE2168989D800797022 /* UIKit.framework */ = {isa = PBXFileReference; lastKnownFileType = wrapper.framework; name = UIKit.framework; path = System/Library/Frameworks/UIKit.framework; sourceTree = SDKROOT; };
		5A8EBAE4168989D800797022 /* Foundation.framework */ = {isa = PBXFileReference; lastKnownFileType = wrapper.framework; name = Foundation.framework; path = System/Library/Frameworks/Foundation.framework; sourceTree = SDKROOT; };
		5A8EBAE6168989D800797022 /* CoreGraphics.framework */ = {isa = PBXFileReference; lastKnownFileType = wrapper.framework; name = CoreGraphics.framework; path = System/Library/Frameworks/CoreGraphics.framework; sourceTree = SDKROOT; };
		5A8EBB6116898B2400797022 /* SystemConfiguration.framework */ = {isa = PBXFileReference; lastKnownFileType = wrapper.framework; name = SystemConfiguration.framework; path = System/Library/Frameworks/SystemConfiguration.framework; sourceTree = SDKROOT; };
		5A8EBB6416898B2D00797022 /* CFNetwork.framework */ = {isa = PBXFileReference; lastKnownFileType = wrapper.framework; name = CFNetwork.framework; path = System/Library/Frameworks/CFNetwork.framework; sourceTree = SDKROOT; };
		5A8EBB6616898B3A00797022 /* TelephonyUI.framework */ = {isa = PBXFileReference; lastKnownFileType = wrapper.framework; name = TelephonyUI.framework; path = System/Library/PrivateFrameworks/TelephonyUI.framework; sourceTree = SDKROOT; };
		5A8EBB6816898B4F00797022 /* CoreTelephony.framework */ = {isa = PBXFileReference; lastKnownFileType = wrapper.framework; name = CoreTelephony.framework; path = System/Library/Frameworks/CoreTelephony.framework; sourceTree = SDKROOT; };
		5AAE28D016E5DDF3002A3127 /* InfoDetailViewController.h */ = {isa = PBXFileReference; fileEncoding = 4; lastKnownFileType = sourcecode.c.h; path = InfoDetailViewController.h; sourceTree = "<group>"; };
		5AAE28D116E5DDF3002A3127 /* InfoDetailViewController.m */ = {isa = PBXFileReference; fileEncoding = 4; lastKnownFileType = sourcecode.c.objc; path = InfoDetailViewController.m; sourceTree = "<group>"; };
		A3D2F4EF196BDA22002E9B87 /* CoreFoundation.framework */ = {isa = PBXFileReference; lastKnownFileType = wrapper.framework; name = CoreFoundation.framework; path = System/Library/Frameworks/CoreFoundation.framework; sourceTree = SDKROOT; };
		A3D2F4F1196BDA67002E9B87 /* Security.framework */ = {isa = PBXFileReference; lastKnownFileType = wrapper.framework; name = Security.framework; path = System/Library/Frameworks/Security.framework; sourceTree = SDKROOT; };
		A3D2F4F3196BDA6F002E9B87 /* libz.dylib */ = {isa = PBXFileReference; lastKnownFileType = "compiled.mach-o.dylib"; name = libz.dylib; path = usr/lib/libz.dylib; sourceTree = SDKROOT; };
/* End PBXFileReference section */

/* Begin PBXFrameworksBuildPhase section */
		5A8EBADB168989D800797022 /* Frameworks */ = {
			isa = PBXFrameworksBuildPhase;
			buildActionMask = 2147483647;
			files = (
				A3D2F4F4196BDA6F002E9B87 /* libz.dylib in Frameworks */,
				A3D2F4F2196BDA67002E9B87 /* Security.framework in Frameworks */,
				5A8EBAE3168989D800797022 /* UIKit.framework in Frameworks */,
				5A8EBAE5168989D800797022 /* Foundation.framework in Frameworks */,
				5A8EBAE7168989D800797022 /* CoreGraphics.framework in Frameworks */,
				5A8EBB6216898B2400797022 /* SystemConfiguration.framework in Frameworks */,
				5A8EBB6916898B4F00797022 /* CoreTelephony.framework in Frameworks */,
				A3D2F4F0196BDA22002E9B87 /* CoreFoundation.framework in Frameworks */,
				5A8EBB6516898B2D00797022 /* CFNetwork.framework in Frameworks */,
				5A8EBB6716898B3A00797022 /* TelephonyUI.framework in Frameworks */,
				5A631A491689A1EB00770B5A /* libPushSDK.a in Frameworks */,
			);
			runOnlyForDeploymentPostprocessing = 0;
		};
/* End PBXFrameworksBuildPhase section */

/* Begin PBXGroup section */
		5A631A021689A1EA00770B5A /* en.lproj */ = {
			isa = PBXGroup;
			children = (
				5A631A031689A1EA00770B5A /* InfoPlist.strings */,
				5A631A051689A1EA00770B5A /* Localizable.strings */,
			);
			path = en.lproj;
			sourceTree = "<group>";
		};
		5A631A071689A1EA00770B5A /* Images */ = {
			isa = PBXGroup;
			children = (
				5A631A081689A1EA00770B5A /* Default-568h@2x.png */,
				5A631A091689A1EA00770B5A /* Default.png */,
				5A631A0A1689A1EA00770B5A /* Default@2x.png */,
				5A631A0B1689A1EA00770B5A /* icon.png */,
			);
			path = Images;
			sourceTree = "<group>";
		};
		5A631A0C1689A1EA00770B5A /* lib */ = {
			isa = PBXGroup;
			children = (
				5A631A0D1689A1EA00770B5A /* APClient.h */,
				5A631A0E1689A1EA00770B5A /* APConfig.h */,
				5A631A0F1689A1EA00770B5A /* APDispatch.h */,
				5A631A101689A1EA00770B5A /* APMessage.h */,
				5A631A111689A1EA00770B5A /* APProtocol.h */,
				5A631A121689A1EA00770B5A /* APReceipt.h */,
				5A631A131689A1EA00770B5A /* APService.h */,
				5A631A141689A1EA00770B5A /* APUtilities.h */,
				5A631A151689A1EA00770B5A /* libPushSDK-Simulator.a */,
				5A631A161689A1EA00770B5A /* libPushSDK.a */,
				5A631A171689A1EA00770B5A /* NSString+Digest.h */,
			);
			path = lib;
			sourceTree = "<group>";
		};
		5A631A1C1689A1EA00770B5A /* SBJSON */ = {
			isa = PBXGroup;
			children = (
				5A631A1D1689A1EA00770B5A /* JSON.h */,
				5A631A1E1689A1EA00770B5A /* NSObject+SBJson.h */,
				5A631A1F1689A1EA00770B5A /* NSObject+SBJson.m */,
				5A631A201689A1EA00770B5A /* SBJson.h */,
				5A631A211689A1EA00770B5A /* SBJsonParser.h */,
				5A631A221689A1EA00770B5A /* SBJsonParser.m */,
				5A631A231689A1EA00770B5A /* SBJsonStreamParser.h */,
				5A631A241689A1EA00770B5A /* SBJsonStreamParser.m */,
				5A631A251689A1EA00770B5A /* SBJsonStreamParserAccumulator.h */,
				5A631A261689A1EA00770B5A /* SBJsonStreamParserAccumulator.m */,
				5A631A271689A1EA00770B5A /* SBJsonStreamParserAdapter.h */,
				5A631A281689A1EA00770B5A /* SBJsonStreamParserAdapter.m */,
				5A631A291689A1EA00770B5A /* SBJsonStreamParserState.h */,
				5A631A2A1689A1EA00770B5A /* SBJsonStreamParserState.m */,
				5A631A2B1689A1EA00770B5A /* SBJsonStreamWriter.h */,
				5A631A2C1689A1EA00770B5A /* SBJsonStreamWriter.m */,
				5A631A2D1689A1EA00770B5A /* SBJsonStreamWriterAccumulator.h */,
				5A631A2E1689A1EA00770B5A /* SBJsonStreamWriterAccumulator.m */,
				5A631A2F1689A1EB00770B5A /* SBJsonStreamWriterState.h */,
				5A631A301689A1EB00770B5A /* SBJsonStreamWriterState.m */,
				5A631A311689A1EB00770B5A /* SBJsonTokeniser.h */,
				5A631A321689A1EB00770B5A /* SBJsonTokeniser.m */,
				5A631A331689A1EB00770B5A /* SBJsonUTF8Stream.h */,
				5A631A341689A1EB00770B5A /* SBJsonUTF8Stream.m */,
				5A631A351689A1EB00770B5A /* SBJsonWriter.h */,
				5A631A361689A1EB00770B5A /* SBJsonWriter.m */,
			);
			path = SBJSON;
			sourceTree = "<group>";
		};
		5A631A371689A1EB00770B5A /* UI */ = {
			isa = PBXGroup;
			children = (
				5A631A381689A1EB00770B5A /* JPushViewController.h */,
				5A631A391689A1EB00770B5A /* JPushViewController.m */,
				5AAE28D016E5DDF3002A3127 /* InfoDetailViewController.h */,
				5AAE28D116E5DDF3002A3127 /* InfoDetailViewController.m */,
			);
			path = UI;
			sourceTree = "<group>";
		};
		5A631A3C1689A1EB00770B5A /* zh-Hans.lproj */ = {
			isa = PBXGroup;
			children = (
				5A631A3D1689A1EB00770B5A /* InfoPlist.strings */,
				5A631A3F1689A1EB00770B5A /* Localizable.strings */,
			);
			path = "zh-Hans.lproj";
			sourceTree = "<group>";
		};
		5A8EBAD3168989D800797022 = {
			isa = PBXGroup;
			children = (
				5A631A371689A1EB00770B5A /* UI */,
				5A631A1C1689A1EA00770B5A /* SBJSON */,
				5A631A0C1689A1EA00770B5A /* lib */,
				5A631A071689A1EA00770B5A /* Images */,
				5A631A001689A1EA00770B5A /* AppDelegate.h */,
				5A631A011689A1EA00770B5A /* AppDelegate.m */,
				5A631A181689A1EA00770B5A /* main.m */,
				5A631A191689A1EA00770B5A /* PushConfig.plist */,
				5A631A1A1689A1EA00770B5A /* PushTalk-Info.plist */,
				5A631A1B1689A1EA00770B5A /* PushTalk-Prefix.pch */,
				5A631A021689A1EA00770B5A /* en.lproj */,
				5A631A3C1689A1EB00770B5A /* zh-Hans.lproj */,
				5A8EBAE1168989D800797022 /* Frameworks */,
				5A8EBADF168989D800797022 /* Products */,
			);
			sourceTree = "<group>";
		};
		5A8EBADF168989D800797022 /* Products */ = {
			isa = PBXGroup;
			children = (
				5A8EBADE168989D800797022 /* PushTalk.app */,
			);
			name = Products;
			sourceTree = "<group>";
		};
		5A8EBAE1168989D800797022 /* Frameworks */ = {
			isa = PBXGroup;
			children = (
				A3D2F4F3196BDA6F002E9B87 /* libz.dylib */,
				A3D2F4F1196BDA67002E9B87 /* Security.framework */,
				A3D2F4EF196BDA22002E9B87 /* CoreFoundation.framework */,
				5A8EBB6816898B4F00797022 /* CoreTelephony.framework */,
				5A8EBB6616898B3A00797022 /* TelephonyUI.framework */,
				5A8EBB6416898B2D00797022 /* CFNetwork.framework */,
				5A8EBB6116898B2400797022 /* SystemConfiguration.framework */,
				5A8EBAE2168989D800797022 /* UIKit.framework */,
				5A8EBAE4168989D800797022 /* Foundation.framework */,
				5A8EBAE6168989D800797022 /* CoreGraphics.framework */,
			);
			name = Frameworks;
			sourceTree = "<group>";
		};
/* End PBXGroup section */

/* Begin PBXNativeTarget section */
		5A8EBADD168989D800797022 /* PushTalk */ = {
			isa = PBXNativeTarget;
			buildConfigurationList = 5A8EBAFC168989D800797022 /* Build configuration list for PBXNativeTarget "PushTalk" */;
			buildPhases = (
				5A8EBADA168989D800797022 /* Sources */,
				5A8EBADB168989D800797022 /* Frameworks */,
				5A8EBADC168989D800797022 /* Resources */,
			);
			buildRules = (
			);
			dependencies = (
			);
			name = PushTalk;
			productName = PushTalk;
			productReference = 5A8EBADE168989D800797022 /* PushTalk.app */;
			productType = "com.apple.product-type.application";
		};
/* End PBXNativeTarget section */

/* Begin PBXProject section */
		5A8EBAD5168989D800797022 /* Project object */ = {
			isa = PBXProject;
			attributes = {
				LastUpgradeCheck = 0450;
				ORGANIZATIONNAME = Jpush;
			};
			buildConfigurationList = 5A8EBAD8168989D800797022 /* Build configuration list for PBXProject "PushTalk" */;
			compatibilityVersion = "Xcode 3.2";
			developmentRegion = English;
			hasScannedForEncodings = 0;
			knownRegions = (
				en,
				"zh-Hans",
			);
			mainGroup = 5A8EBAD3168989D800797022;
			productRefGroup = 5A8EBADF168989D800797022 /* Products */;
			projectDirPath = "";
			projectRoot = "";
			targets = (
				5A8EBADD168989D800797022 /* PushTalk */,
			);
		};
/* End PBXProject section */

/* Begin PBXResourcesBuildPhase section */
		5A8EBADC168989D800797022 /* Resources */ = {
			isa = PBXResourcesBuildPhase;
			buildActionMask = 2147483647;
			files = (
				5A631A421689A1EB00770B5A /* InfoPlist.strings in Resources */,
				5A631A431689A1EB00770B5A /* Localizable.strings in Resources */,
				5A631A441689A1EB00770B5A /* Default-568h@2x.png in Resources */,
				5A631A451689A1EB00770B5A /* Default.png in Resources */,
				5A631A461689A1EB00770B5A /* Default@2x.png in Resources */,
				5A631A471689A1EB00770B5A /* icon.png in Resources */,
				5A631A4B1689A1EB00770B5A /* PushConfig.plist in Resources */,
				5A631A4C1689A1EB00770B5A /* PushTalk-Info.plist in Resources */,
				5A631A5B1689A1EB00770B5A /* InfoPlist.strings in Resources */,
				5A631A5C1689A1EB00770B5A /* Localizable.strings in Resources */,
			);
			runOnlyForDeploymentPostprocessing = 0;
		};
/* End PBXResourcesBuildPhase section */

/* Begin PBXSourcesBuildPhase section */
		5A8EBADA168989D800797022 /* Sources */ = {
			isa = PBXSourcesBuildPhase;
			buildActionMask = 2147483647;
			files = (
				5A631A411689A1EB00770B5A /* AppDelegate.m in Sources */,
				5A631A4A1689A1EB00770B5A /* main.m in Sources */,
				5A631A4D1689A1EB00770B5A /* NSObject+SBJson.m in Sources */,
				5A631A4E1689A1EB00770B5A /* SBJsonParser.m in Sources */,
				5A631A4F1689A1EB00770B5A /* SBJsonStreamParser.m in Sources */,
				5A631A501689A1EB00770B5A /* SBJsonStreamParserAccumulator.m in Sources */,
				5A631A511689A1EB00770B5A /* SBJsonStreamParserAdapter.m in Sources */,
				5A631A521689A1EB00770B5A /* SBJsonStreamParserState.m in Sources */,
				5A631A531689A1EB00770B5A /* SBJsonStreamWriter.m in Sources */,
				5A631A541689A1EB00770B5A /* SBJsonStreamWriterAccumulator.m in Sources */,
				5A631A551689A1EB00770B5A /* SBJsonStreamWriterState.m in Sources */,
				5A631A561689A1EB00770B5A /* SBJsonTokeniser.m in Sources */,
				5A631A571689A1EB00770B5A /* SBJsonUTF8Stream.m in Sources */,
				5A631A581689A1EB00770B5A /* SBJsonWriter.m in Sources */,
				5A631A591689A1EB00770B5A /* JPushViewController.m in Sources */,
				5AAE28D216E5DDF3002A3127 /* InfoDetailViewController.m in Sources */,
			);
			runOnlyForDeploymentPostprocessing = 0;
		};
/* End PBXSourcesBuildPhase section */

/* Begin PBXVariantGroup section */
		5A631A031689A1EA00770B5A /* InfoPlist.strings */ = {
			isa = PBXVariantGroup;
			children = (
				5A631A041689A1EA00770B5A /* en */,
			);
			name = InfoPlist.strings;
			sourceTree = "<group>";
		};
		5A631A051689A1EA00770B5A /* Localizable.strings */ = {
			isa = PBXVariantGroup;
			children = (
				5A631A061689A1EA00770B5A /* en */,
			);
			name = Localizable.strings;
			sourceTree = "<group>";
		};
		5A631A3D1689A1EB00770B5A /* InfoPlist.strings */ = {
			isa = PBXVariantGroup;
			children = (
				5A631A3E1689A1EB00770B5A /* zh-Hans */,
			);
			name = InfoPlist.strings;
			sourceTree = "<group>";
		};
		5A631A3F1689A1EB00770B5A /* Localizable.strings */ = {
			isa = PBXVariantGroup;
			children = (
				5A631A401689A1EB00770B5A /* zh-Hans */,
			);
			name = Localizable.strings;
			sourceTree = "<group>";
		};
/* End PBXVariantGroup section */

/* Begin XCBuildConfiguration section */
		5A8EBAFA168989D800797022 /* Debug */ = {
			isa = XCBuildConfiguration;
			buildSettings = {
				ALWAYS_SEARCH_USER_PATHS = NO;
				CLANG_CXX_LANGUAGE_STANDARD = "gnu++0x";
				CLANG_CXX_LIBRARY = "libc++";
				CLANG_WARN_EMPTY_BODY = YES;
				CLANG_WARN__DUPLICATE_METHOD_MATCH = YES;
				CODE_SIGN_IDENTITY = "iPhone Developer: Javen Fang (2F628EWHNA)";
				"CODE_SIGN_IDENTITY[sdk=iphoneos*]" = "iPhone Developer: Javen Fang (2F628EWHNA)";
				COPY_PHASE_STRIP = NO;
				GCC_C_LANGUAGE_STANDARD = gnu99;
				GCC_DYNAMIC_NO_PIC = NO;
				GCC_OPTIMIZATION_LEVEL = 0;
				GCC_PREPROCESSOR_DEFINITIONS = (
					"DEBUG=1",
					"$(inherited)",
				);
				GCC_SYMBOLS_PRIVATE_EXTERN = NO;
				GCC_WARN_ABOUT_RETURN_TYPE = YES;
				GCC_WARN_UNINITIALIZED_AUTOS = YES;
				GCC_WARN_UNUSED_VARIABLE = YES;
				IPHONEOS_DEPLOYMENT_TARGET = 4.3;
				ONLY_ACTIVE_ARCH = YES;
				OTHER_LDFLAGS = (
					"-ObjC",
					"-all_load",
				);
				PROVISIONING_PROFILE = "E3E53ED2-4B8A-4CF8-8900-35FEBAB73159";
				"PROVISIONING_PROFILE[sdk=iphoneos*]" = "E3E53ED2-4B8A-4CF8-8900-35FEBAB73159";
				SDKROOT = iphoneos;
			};
			name = Debug;
		};
		5A8EBAFB168989D800797022 /* Release */ = {
			isa = XCBuildConfiguration;
			buildSettings = {
				ALWAYS_SEARCH_USER_PATHS = NO;
				CLANG_CXX_LANGUAGE_STANDARD = "gnu++0x";
				CLANG_CXX_LIBRARY = "libc++";
				CLANG_WARN_EMPTY_BODY = YES;
				CLANG_WARN__DUPLICATE_METHOD_MATCH = YES;
				CODE_SIGN_IDENTITY = "iPhone Developer: Javen Fang (2F628EWHNA)";
				"CODE_SIGN_IDENTITY[sdk=iphoneos*]" = "iPhone Developer: Javen Fang (2F628EWHNA)";
				COPY_PHASE_STRIP = YES;
				GCC_C_LANGUAGE_STANDARD = gnu99;
				GCC_WARN_ABOUT_RETURN_TYPE = YES;
				GCC_WARN_UNINITIALIZED_AUTOS = YES;
				GCC_WARN_UNUSED_VARIABLE = YES;
				IPHONEOS_DEPLOYMENT_TARGET = 4.3;
				OTHER_CFLAGS = "-DNS_BLOCK_ASSERTIONS=1";
				OTHER_LDFLAGS = (
					"-ObjC",
					"-all_load",
				);
				PROVISIONING_PROFILE = "E3E53ED2-4B8A-4CF8-8900-35FEBAB73159";
				"PROVISIONING_PROFILE[sdk=iphoneos*]" = "E3E53ED2-4B8A-4CF8-8900-35FEBAB73159";
				SDKROOT = iphoneos;
				VALIDATE_PRODUCT = YES;
			};
			name = Release;
		};
		5A8EBAFD168989D800797022 /* Debug */ = {
			isa = XCBuildConfiguration;
			buildSettings = {
				CLANG_ENABLE_OBJC_ARC = YES;
				FRAMEWORK_SEARCH_PATHS = (
					"$(inherited)",
					"\"$(SDKROOT)$(SYSTEM_LIBRARY_DIR)/PrivateFrameworks\"",
				);
				GCC_PRECOMPILE_PREFIX_HEADER = YES;
				GCC_PREFIX_HEADER = "PushTalk-Prefix.pch";
				INFOPLIST_FILE = "PushTalk-Info.plist";
				LIBRARY_SEARCH_PATHS = (
					"$(inherited)",
					"\"$(SRCROOT)/PushTalk/lib\"",
					"\"$(SRCROOT)/lib\"",
				);
				PRODUCT_NAME = "$(TARGET_NAME)";
				PROVISIONING_PROFILE = "1A0E900B-E24F-4B12-ACFC-8BA3224C5D65";
				WRAPPER_EXTENSION = app;
			};
			name = Debug;
		};
		5A8EBAFE168989D800797022 /* Release */ = {
			isa = XCBuildConfiguration;
			buildSettings = {
				CLANG_ENABLE_OBJC_ARC = YES;
				FRAMEWORK_SEARCH_PATHS = (
					"$(inherited)",
					"\"$(SDKROOT)$(SYSTEM_LIBRARY_DIR)/PrivateFrameworks\"",
				);
				GCC_PRECOMPILE_PREFIX_HEADER = YES;
				GCC_PREFIX_HEADER = "PushTalk-Prefix.pch";
				INFOPLIST_FILE = "PushTalk-Info.plist";
				LIBRARY_SEARCH_PATHS = (
					"$(inherited)",
					"\"$(SRCROOT)/PushTalk/lib\"",
					"\"$(SRCROOT)/lib\"",
				);
				PRODUCT_NAME = "$(TARGET_NAME)";
				PROVISIONING_PROFILE = "1A0E900B-E24F-4B12-ACFC-8BA3224C5D65";
				WRAPPER_EXTENSION = app;
			};
			name = Release;
		};
/* End XCBuildConfiguration section */

/* Begin XCConfigurationList section */
		5A8EBAD8168989D800797022 /* Build configuration list for PBXProject "PushTalk" */ = {
			isa = XCConfigurationList;
			buildConfigurations = (
				5A8EBAFA168989D800797022 /* Debug */,
				5A8EBAFB168989D800797022 /* Release */,
			);
			defaultConfigurationIsVisible = 0;
			defaultConfigurationName = Release;
		};
		5A8EBAFC168989D800797022 /* Build configuration list for PBXNativeTarget "PushTalk" */ = {
			isa = XCConfigurationList;
			buildConfigurations = (
				5A8EBAFD168989D800797022 /* Debug */,
				5A8EBAFE168989D800797022 /* Release */,
			);
			defaultConfigurationIsVisible = 0;
			defaultConfigurationName = Release;
		};
/* End XCConfigurationList section */
	};
	rootObject = 5A8EBAD5168989D800797022 /* Project object */;
}
